{
  "name": "pocket-streak",
  "version": "1.0.0",
  "lockfileVersion": 1,
  "requires": true,
  "dependencies": {
    "cjs-noticeboard": {
      "version": "0.0.7",
      "resolved": "https://registry.npmjs.org/cjs-noticeboard/-/cjs-noticeboard-0.0.7.tgz",
      "integrity": "sha1-uIxDx2F7Wkg/864eXInY3IkrVy4=",
      "requires": {
        "merge-objects": "^1.0.5"
      }
    },
    "cjs-sync-hooks": {
      "version": "0.1.1",
      "resolved": "https://registry.npmjs.org/cjs-sync-hooks/-/cjs-sync-hooks-0.1.1.tgz",
      "integrity": "sha1-pe7uKppHRphNnIdrxqi+1KXufOI=",
      "requires": {
        "lodash.foreach": "^4.5.0"
      }
    },
    "cjs-task": {
      "version": "2.3.0",
      "resolved": "https://registry.npmjs.org/cjs-task/-/cjs-task-2.3.0.tgz",
      "integrity": "sha512-Gj81EH8n99E+J803Dij0Cpsv3QhnoI4vk0WIoE0EOr1KEL/b+Ldul7AhnVAher35vWapZrXN/S9rMIZj/bTkzw==",
      "requires": {
        "cjs-sync-hooks": "^0.1.1",
        "cjs-yield": "^1.0.1"
      }
    },
    "cjs-yield": {
      "version": "1.0.1",
      "resolved": "https://registry.npmjs.org/cjs-yield/-/cjs-yield-1.0.1.tgz",
      "integrity": "sha512-dnEudF7PN33tLSt6mUE280OK54dVuU9oCw562jpoWc/1i57P+uvYZwzRmlCz/DfoD5MIiHz4NrfyTDPsQuz6mQ=="
    },
    "lodash.foreach": {
      "version": "4.5.0",
      "resolved": "https://registry.npmjs.org/lodash.foreach/-/lodash.foreach-4.5.0.tgz",
      "integrity": "sha1-Gmo16s5AEoDH8G3d7DUWWrJ+PlM="
    },
    "merge-objects": {
      "version": "1.0.5",
      "resolved": "https://registry.npmjs.org/merge-objects/-/merge-objects-1.0.5.tgz",
      "integrity": "sha1-rZI/85EAkazBQ49T63W4832GKoY="
    },
    "require-directory": {
      "version": "2.1.1",
      "resolved": "https://registry.npmjs.org/require-directory/-/require-directory-2.1.1.tgz",
      "integrity": "sha1-jGStX9MNqxyXbiNE/+f3kqam30I="
    },
    "supe": {
      "version": "0.5.2",
      "resolved": "https://registry.npmjs.org/supe/-/supe-0.5.2.tgz",
      "integrity": "sha512-uJ100dXPJBIFOy2cj/PcpIc0+eqfK/MQKdpaT9+CQ/ltduvzyM0iwtegFIzLApLMHEmiHRUHg4G8fh9BWBVbVQ==",
      "requires": {
        "cjs-noticeboard": "0.0.7",
        "cjs-sync-hooks": "0.1.1",
        "cjs-yield": "^1.0.1",
        "merge-objects": "1.0.5",
        "require-directory": "2.1.1"
      }
    },
    "supe-addon-citizen-request": {
      "version": "2.0.1",
      "resolved": "https://registry.npmjs.org/supe-addon-citizen-request/-/supe-addon-citizen-request-2.0.1.tgz",
      "integrity": "sha512-EJCOCzLMlbxonku7nA6N4oC1uvS4JlvXEY12bCFig4LWxMMou7Ydnud5SAWEZwd0gLeqGojDU5tw/Ys+6oek4w==",
      "requires": {
        "require-directory": "^2.1.1",
        "uuid": "^3.3.2"
      }
    },
    "uuid": {
      "version": "3.4.0",
      "resolved": "https://registry.npmjs.org/uuid/-/uuid-3.4.0.tgz",
      "integrity": "sha512-HjSDRw6gZE5JMggctHBcjVak08+KEVhSIiDzFnT9S9aegmp85S/bReBVTb4QTFaRNptJ9kuYaNhnbNEOkbKb/A=="
    }
  }
}
